<?xml version="1.0" encoding="utf-8"?>
<Project ToolsVersion="4.0" xmlns="http://schemas.microsoft.com/developer/msbuild/2003">
  <ItemGroup>
    <Filter Include="源文件">
      <UniqueIdentifier>{4FC737F1-C7A5-4376-A066-2A32D752A2FF}</UniqueIdentifier>
      <Extensions>cpp;c;cc;cxx;c++;cppm;ixx;def;odl;idl;hpj;bat;asm;asmx</Extensions>
    </Filter>
    <Filter Include="头文件">
      <UniqueIdentifier>{93995380-89BD-4b04-88EB-625FBE52EBFB}</UniqueIdentifier>
      <Extensions>h;hh;hpp;hxx;h++;hm;inl;inc;ipp;xsd</Extensions>
    </Filter>
    <Filter Include="资源文件">
      <UniqueIdentifier>{67DA6AB6-F800-4c08-8B7A-83BB121AAD01}</UniqueIdentifier>
      <Extensions>rc;ico;cur;bmp;dlg;rc2;rct;bin;rgs;gif;jpg;jpeg;jpe;resx;tiff;tif;png;wav;mfcribbon-ms</Extensions>
    </Filter>
  </ItemGroup>
  <ItemGroup>
    <ClCompile Include="加号运算符重载.cpp">
      <Filter>源文件</Filter>
    </ClCompile>
    <ClCompile Include="重载小于号.cpp">
      <Filter>源文件</Filter>
    </ClCompile>
    <ClCompile Include="子类中调用父类构造.cpp">
      <Filter>源文件</Filter>
    </ClCompile>
    <ClCompile Include="重写子类计算逻辑.cpp">
      <Filter>源文件</Filter>
    </ClCompile>
    <ClCompile Include="构建长方体类.cpp">
      <Filter>源文件</Filter>
    </ClCompile>
    <ClCompile Include="求长方体表面积.cpp">
      <Filter>源文件</Filter>
    </ClCompile>
    <ClCompile Include="多态实现计算器功能.cpp">
      <Filter>源文件</Filter>
    </ClCompile>
    <ClCompile Include="多态实现求面积体积.cpp">
      <Filter>源文件</Filter>
    </ClCompile>
    <ClCompile Include="迭代器遍历容器.cpp">
      <Filter>源文件</Filter>
    </ClCompile>
    <ClCompile Include="迭代器遍历set.cpp">
      <Filter>源文件</Filter>
    </ClCompile>
    <ClCompile Include="智能排队系统.cpp">
      <Filter>源文件</Filter>
    </ClCompile>
    <ClCompile Include="最后k个元素.cpp">
      <Filter>源文件</Filter>
    </ClCompile>
    <ClCompile Include="去除字符串中重复的字符.cpp">
      <Filter>源文件</Filter>
    </ClCompile>
    <ClCompile Include="统计字符串中各字母字符对应的个数.cpp">
      <Filter>源文件</Filter>
    </ClCompile>
    <ClCompile Include="查找.cpp">
      <Filter>源文件</Filter>
    </ClCompile>
    <ClCompile Include="判断元素是否出现.cpp">
      <Filter>源文件</Filter>
    </ClCompile>
    <ClCompile Include="使用算法.cpp">
      <Filter>源文件</Filter>
    </ClCompile>
    <ClCompile Include="找到数组里的第k大数(C++).cpp">
      <Filter>源文件</Filter>
    </ClCompile>
    <ClCompile Include="统计字符串中各类型字符的个数.cpp">
      <Filter>源文件</Filter>
    </ClCompile>
    <ClCompile Include="个人所得税计算程序.cpp">
      <Filter>源文件</Filter>
    </ClCompile>
    <ClCompile Include="实现简单计算器功能.cpp">
      <Filter>源文件</Filter>
    </ClCompile>
    <ClCompile Include="十进制整数转十六进制字符串.cpp">
      <Filter>源文件</Filter>
    </ClCompile>
  </ItemGroup>
</Project>